
Microsoft Visual Studio Solution File, Format Version 12.00
# Visual Studio Version 16
VisualStudioVersion = 16.0.29806.167
MinimumVisualStudioVersion = 10.0.40219.1
Project("{FAE04EC0-301F-11D3-BF4B-00C04F79EFBC}") = "TowerOfDoom", "TowerOfDoom\TowerOfDoom.csproj", "{C08F861F-E4D4-4B60-94C5-CE15E17C2818}"
EndProject
Global
	GlobalSection(SolutionConfigurationPlatforms) = preSolution
		Debug|Any CPU = Debug|Any CPU
		Release|Any CPU = Release|Any CPU
	EndGlobalSection
	GlobalSection(ProjectConfigurationPlatforms) = postSolution
		{C08F861F-E4D4-4B60-94C5-CE15E17C2818}.Debug|Any CPU.ActiveCfg = Debug|Any CPU
		{C08F861F-E4D4-4B60-94C5-CE15E17C2818}.Debug|Any CPU.Build.0 = Debug|Any CPU
		{C08F861F-E4D4-4B60-94C5-CE15E17C2818}.Release|Any CPU.ActiveCfg = Release|Any CPU
		{C08F861F-E4D4-4B60-94C5-CE15E17C2818}.Release|Any CPU.Build.0 = Release|Any CPU
	EndGlobalSection
	GlobalSection(SolutionProperties) = preSolution
		HideSolutionNode = FALSE
	EndGlobalSection
	GlobalSection(ExtensibilityGlobals) = postSolution
		SolutionGuid = {2564CECA-9F3F-4357-A55E-3D54DC9FAB3D}
	EndGlobalSection
EndGlobal
